
Microsoft Visual Studio Solution File, Format Version 12.00
# Visual Studio Version 16
VisualStudioVersion = 16.0.29728.190
MinimumVisualStudioVersion = 10.0.40219.1
Project("{FAE04EC0-301F-11D3-BF4B-00C04F79EFBC}") = "ShapePainter", "ShapePainter\ShapePainter.csproj", "{16A49952-52B1-4B15-B9F9-F7CAF4C52EFC}"
EndProject
Global
	GlobalSection(SolutionConfigurationPlatforms) = preSolution
		Debug|Any CPU = Debug|Any CPU
		Release|Any CPU = Release|Any CPU
	EndGlobalSection
	GlobalSection(ProjectConfigurationPlatforms) = postSolution
		{16A49952-52B1-4B15-B9F9-F7CAF4C52EFC}.Debug|Any CPU.ActiveCfg = Debug|Any CPU
		{16A49952-52B1-4B15-B9F9-F7CAF4C52EFC}.Debug|Any CPU.Build.0 = Debug|Any CPU
		{16A49952-52B1-4B15-B9F9-F7CAF4C52EFC}.Release|Any CPU.ActiveCfg = Release|Any CPU
		{16A49952-52B1-4B15-B9F9-F7CAF4C52EFC}.Release|Any CPU.Build.0 = Release|Any CPU
	EndGlobalSection
	GlobalSection(SolutionProperties) = preSolution
		HideSolutionNode = FALSE
	EndGlobalSection
	GlobalSection(ExtensibilityGlobals) = postSolution
		SolutionGuid = {198CCEE9-C868-4519-BB83-5D62CDA32B19}
	EndGlobalSection
EndGlobal
